
Microsoft Visual Studio Solution File, Format Version 12.00
# Visual Studio Version 17
VisualStudioVersion = 17.14.37328.6 d17.14
MinimumVisualStudioVersion = 10.0.40219.1
Project("{FAE04EC0-301F-11D3-BF4B-00C04F79EFBC}") = "ecommerce.API", "ecommerce.API\ecommerce.API.csproj", "{F35C07BD-D70C-4ED2-91EA-D8AF9532BAF2}"
EndProject
Project("{FAE04EC0-301F-11D3-BF4B-00C04F79EFBC}") = "eCommerce.Infra", "eCommerce.Infra\eCommerce.Infra.csproj", "{79B30AEC-3CCD-4B11-B5F4-53CF51D486B1}"
EndProject
Project("{FAE04EC0-301F-11D3-BF4B-00C04F79EFBC}") = "eCommaerce.Core", "eCommaerce.Core\eCommaerce.Core.csproj", "{AC988765-F9FC-49BE-8AE5-C765FC5FEBF8}"
EndProject
Global
	GlobalSection(SolutionConfigurationPlatforms) = preSolution
		Debug|Any CPU = Debug|Any CPU
		Release|Any CPU = Release|Any CPU
	EndGlobalSection
	GlobalSection(ProjectConfigurationPlatforms) = postSolution
		{F35C07BD-D70C-4ED2-91EA-D8AF9532BAF2}.Debug|Any CPU.ActiveCfg = Debug|Any CPU
		{F35C07BD-D70C-4ED2-91EA-D8AF9532BAF2}.Debug|Any CPU.Build.0 = Debug|Any CPU
		{F35C07BD-D70C-4ED2-91EA-D8AF9532BAF2}.Release|Any CPU.ActiveCfg = Release|Any CPU
		{F35C07BD-D70C-4ED2-91EA-D8AF9532BAF2}.Release|Any CPU.Build.0 = Release|Any CPU
		{79B30AEC-3CCD-4B11-B5F4-53CF51D486B1}.Debug|Any CPU.ActiveCfg = Debug|Any CPU
		{79B30AEC-3CCD-4B11-B5F4-53CF51D486B1}.Debug|Any CPU.Build.0 = Debug|Any CPU
		{79B30AEC-3CCD-4B11-B5F4-53CF51D486B1}.Release|Any CPU.ActiveCfg = Release|Any CPU
		{79B30AEC-3CCD-4B11-B5F4-53CF51D486B1}.Release|Any CPU.Build.0 = Release|Any CPU
		{AC988765-F9FC-49BE-8AE5-C765FC5FEBF8}.Debug|Any CPU.ActiveCfg = Debug|Any CPU
		{AC988765-F9FC-49BE-8AE5-C765FC5FEBF8}.Debug|Any CPU.Build.0 = Debug|Any CPU
		{AC988765-F9FC-49BE-8AE5-C765FC5FEBF8}.Release|Any CPU.ActiveCfg = Release|Any CPU
		{AC988765-F9FC-49BE-8AE5-C765FC5FEBF8}.Release|Any CPU.Build.0 = Release|Any CPU
	EndGlobalSection
	GlobalSection(SolutionProperties) = preSolution
		HideSolutionNode = FALSE
	EndGlobalSection
	GlobalSection(ExtensibilityGlobals) = postSolution
		SolutionGuid = {D01BAF14-7B4D-4883-A93A-D7F809191A3E}
	EndGlobalSection
EndGlobal
